
Microsoft Visual Studio Solution File, Format Version 12.00
# Visual Studio Version 16
VisualStudioVersion = 16.0.31005.135
MinimumVisualStudioVersion = 10.0.40219.1
Project("{FAE04EC0-301F-11D3-BF4B-00C04F79EFBC}") = "L2k2021-02-18-Graphics2", "L2k2021-02-18-Graphics2\L2k2021-02-18-Graphics2.csproj", "{8885AB8F-C04D-403A-B9E9-CEC5801C17C8}"
EndProject
Global
	GlobalSection(SolutionConfigurationPlatforms) = preSolution
		Debug|Any CPU = Debug|Any CPU
		Release|Any CPU = Release|Any CPU
	EndGlobalSection
	GlobalSection(ProjectConfigurationPlatforms) = postSolution
		{8885AB8F-C04D-403A-B9E9-CEC5801C17C8}.Debug|Any CPU.ActiveCfg = Debug|Any CPU
		{8885AB8F-C04D-403A-B9E9-CEC5801C17C8}.Debug|Any CPU.Build.0 = Debug|Any CPU
		{8885AB8F-C04D-403A-B9E9-CEC5801C17C8}.Release|Any CPU.ActiveCfg = Release|Any CPU
		{8885AB8F-C04D-403A-B9E9-CEC5801C17C8}.Release|Any CPU.Build.0 = Release|Any CPU
	EndGlobalSection
	GlobalSection(SolutionProperties) = preSolution
		HideSolutionNode = FALSE
	EndGlobalSection
	GlobalSection(ExtensibilityGlobals) = postSolution
		SolutionGuid = {72DC61FC-4E26-491F-9D48-468EC3CEC195}
	EndGlobalSection
EndGlobal
